
Microsoft Visual Studio Solution File, Format Version 12.00
# Visual Studio Version 16
VisualStudioVersion = 25.0.1700.7
MinimumVisualStudioVersion = 10.0.40219.1
Project("{FAE04EC0-301F-11D3-BF4B-00C04F79EFBC}") = "BetterPath", "BetterPath\BetterPath.csproj", "{7DE50E4B-D4F0-4CED-9014-219AD8EA2E99}"
EndProject
Global
	GlobalSection(SolutionConfigurationPlatforms) = preSolution
		Debug|Any CPU = Debug|Any CPU
		Release|Any CPU = Release|Any CPU
	EndGlobalSection
	GlobalSection(ProjectConfigurationPlatforms) = postSolution
		{7DE50E4B-D4F0-4CED-9014-219AD8EA2E99}.Debug|Any CPU.ActiveCfg = Debug|Any CPU
		{7DE50E4B-D4F0-4CED-9014-219AD8EA2E99}.Debug|Any CPU.Build.0 = Debug|Any CPU
		{7DE50E4B-D4F0-4CED-9014-219AD8EA2E99}.Release|Any CPU.ActiveCfg = Release|Any CPU
		{7DE50E4B-D4F0-4CED-9014-219AD8EA2E99}.Release|Any CPU.Build.0 = Release|Any CPU
	EndGlobalSection
	GlobalSection(SolutionProperties) = preSolution
		HideSolutionNode = FALSE
	EndGlobalSection
	GlobalSection(ExtensibilityGlobals) = postSolution
		SolutionGuid = {C025697E-7804-4676-A1F0-F1B5C6CBCE42}
	EndGlobalSection
EndGlobal
